// !$*UTF8*$!
{
	archiveVersion = 1;
	classes = {
	};
	objectVersion = 51;
	objects = {

/* Begin PBXBuildFile section */
		72D3EA29E33BCA815C3BCC1A /* Pods_MovieApp.framework in Frameworks */ = {isa = PBXBuildFile; fileRef = 21E5E7E01DE6122F2D03D80B /* Pods_MovieApp.framework */; };
		F517D09125247DA500492A2A /* LogInSettings.swift in Sources */ = {isa = PBXBuildFile; fileRef = F517D09025247DA500492A2A /* LogInSettings.swift */; };
		F517D09625247FFA00492A2A /* PasswordRecoverySettings.swift in Sources */ = {isa = PBXBuildFile; fileRef = F517D09525247FFA00492A2A /* PasswordRecoverySettings.swift */; };
		F517D09A2524817100492A2A /* RegistrationSettings.swift in Sources */ = {isa = PBXBuildFile; fileRef = F517D0992524817100492A2A /* RegistrationSettings.swift */; };
		F5A9F3722521D5EE00DC9958 /* AppDelegate.swift in Sources */ = {isa = PBXBuildFile; fileRef = F5A9F3712521D5EE00DC9958 /* AppDelegate.swift */; };
		F5A9F3742521D5EE00DC9958 /* SceneDelegate.swift in Sources */ = {isa = PBXBuildFile; fileRef = F5A9F3732521D5EE00DC9958 /* SceneDelegate.swift */; };
		F5A9F3762521D5EE00DC9958 /* LogInViewController.swift in Sources */ = {isa = PBXBuildFile; fileRef = F5A9F3752521D5EE00DC9958 /* LogInViewController.swift */; };
		F5A9F3792521D5EE00DC9958 /* Main.storyboard in Resources */ = {isa = PBXBuildFile; fileRef = F5A9F3772521D5EE00DC9958 /* Main.storyboard */; };
		F5A9F37B2521D5F100DC9958 /* Assets.xcassets in Resources */ = {isa = PBXBuildFile; fileRef = F5A9F37A2521D5F100DC9958 /* Assets.xcassets */; };
		F5A9F37E2521D5F100DC9958 /* LaunchScreen.storyboard in Resources */ = {isa = PBXBuildFile; fileRef = F5A9F37C2521D5F100DC9958 /* LaunchScreen.storyboard */; };
		F5E82C8B2521EED500C01ADD /* GoogleService-Info.plist in Resources */ = {isa = PBXBuildFile; fileRef = F5E82C8A2521EED500C01ADD /* GoogleService-Info.plist */; };
		F5E82C912521F5E700C01ADD /* RegistrationViewController.swift in Sources */ = {isa = PBXBuildFile; fileRef = F5E82C902521F5E700C01ADD /* RegistrationViewController.swift */; };
		F5E82C942521F60700C01ADD /* PasswordRecoveryViewController.swift in Sources */ = {isa = PBXBuildFile; fileRef = F5E82C932521F60700C01ADD /* PasswordRecoveryViewController.swift */; };
/* End PBXBuildFile section */

/* Begin PBXFileReference section */
		21E5E7E01DE6122F2D03D80B /* Pods_MovieApp.framework */ = {isa = PBXFileReference; explicitFileType = wrapper.framework; includeInIndex = 0; path = Pods_MovieApp.framework; sourceTree = BUILT_PRODUCTS_DIR; };
		36E1A89CF56D84587240ACCA /* Pods-MovieApp.release.xcconfig */ = {isa = PBXFileReference; includeInIndex = 1; lastKnownFileType = text.xcconfig; name = "Pods-MovieApp.release.xcconfig"; path = "Target Support Files/Pods-MovieApp/Pods-MovieApp.release.xcconfig"; sourceTree = "<group>"; };
		761BA880061BCC2187B532D2 /* Pods-MovieApp.debug.xcconfig */ = {isa = PBXFileReference; includeInIndex = 1; lastKnownFileType = text.xcconfig; name = "Pods-MovieApp.debug.xcconfig"; path = "Target Support Files/Pods-MovieApp/Pods-MovieApp.debug.xcconfig"; sourceTree = "<group>"; };
		F517D09025247DA500492A2A /* LogInSettings.swift */ = {isa = PBXFileReference; lastKnownFileType = sourcecode.swift; path = LogInSettings.swift; sourceTree = "<group>"; };
		F517D09525247FFA00492A2A /* PasswordRecoverySettings.swift */ = {isa = PBXFileReference; lastKnownFileType = sourcecode.swift; path = PasswordRecoverySettings.swift; sourceTree = "<group>"; };
		F517D0992524817100492A2A /* RegistrationSettings.swift */ = {isa = PBXFileReference; lastKnownFileType = sourcecode.swift; path = RegistrationSettings.swift; sourceTree = "<group>"; };
		F5A9F36E2521D5ED00DC9958 /* MovieApp.app */ = {isa = PBXFileReference; explicitFileType = wrapper.application; includeInIndex = 0; path = MovieApp.app; sourceTree = BUILT_PRODUCTS_DIR; };
		F5A9F3712521D5EE00DC9958 /* AppDelegate.swift */ = {isa = PBXFileReference; lastKnownFileType = sourcecode.swift; path = AppDelegate.swift; sourceTree = "<group>"; };
		F5A9F3732521D5EE00DC9958 /* SceneDelegate.swift */ = {isa = PBXFileReference; lastKnownFileType = sourcecode.swift; path = SceneDelegate.swift; sourceTree = "<group>"; };
		F5A9F3752521D5EE00DC9958 /* LogInViewController.swift */ = {isa = PBXFileReference; lastKnownFileType = sourcecode.swift; path = LogInViewController.swift; sourceTree = "<group>"; };
		F5A9F3782521D5EE00DC9958 /* Base */ = {isa = PBXFileReference; lastKnownFileType = file.storyboard; name = Base; path = Base.lproj/Main.storyboard; sourceTree = "<group>"; };
		F5A9F37A2521D5F100DC9958 /* Assets.xcassets */ = {isa = PBXFileReference; lastKnownFileType = folder.assetcatalog; path = Assets.xcassets; sourceTree = "<group>"; };
		F5A9F37D2521D5F100DC9958 /* Base */ = {isa = PBXFileReference; lastKnownFileType = file.storyboard; name = Base; path = Base.lproj/LaunchScreen.storyboard; sourceTree = "<group>"; };
		F5A9F37F2521D5F100DC9958 /* Info.plist */ = {isa = PBXFileReference; lastKnownFileType = text.plist.xml; path = Info.plist; sourceTree = "<group>"; };
		F5E82C8A2521EED500C01ADD /* GoogleService-Info.plist */ = {isa = PBXFileReference; fileEncoding = 4; lastKnownFileType = text.plist.xml; path = "GoogleService-Info.plist"; sourceTree = "<group>"; };
		F5E82C902521F5E700C01ADD /* RegistrationViewController.swift */ = {isa = PBXFileReference; lastKnownFileType = sourcecode.swift; path = RegistrationViewController.swift; sourceTree = "<group>"; };
		F5E82C932521F60700C01ADD /* PasswordRecoveryViewController.swift */ = {isa = PBXFileReference; lastKnownFileType = sourcecode.swift; path = PasswordRecoveryViewController.swift; sourceTree = "<group>"; };
/* End PBXFileReference section */

/* Begin PBXFrameworksBuildPhase section */
		F5A9F36B2521D5ED00DC9958 /* Frameworks */ = {
			isa = PBXFrameworksBuildPhase;
			buildActionMask = 2147483647;
			files = (
				72D3EA29E33BCA815C3BCC1A /* Pods_MovieApp.framework in Frameworks */,
			);
			runOnlyForDeploymentPostprocessing = 0;
		};
/* End PBXFrameworksBuildPhase section */

/* Begin PBXGroup section */
		6C6A83D56CE83A68C4587145 /* Frameworks */ = {
			isa = PBXGroup;
			children = (
				21E5E7E01DE6122F2D03D80B /* Pods_MovieApp.framework */,
			);
			name = Frameworks;
			sourceTree = "<group>";
		};
		7548C330DD2126533A8ED44D /* Pods */ = {
			isa = PBXGroup;
			children = (
				761BA880061BCC2187B532D2 /* Pods-MovieApp.debug.xcconfig */,
				36E1A89CF56D84587240ACCA /* Pods-MovieApp.release.xcconfig */,
			);
			path = Pods;
			sourceTree = "<group>";
		};
		F517D08F25247D8800492A2A /* LogIn */ = {
			isa = PBXGroup;
			children = (
				F5A9F3752521D5EE00DC9958 /* LogInViewController.swift */,
				F517D09025247DA500492A2A /* LogInSettings.swift */,
			);
			path = LogIn;
			sourceTree = "<group>";
		};
		F517D09325247FD300492A2A /* PasswordRecovery */ = {
			isa = PBXGroup;
			children = (
				F5E82C932521F60700C01ADD /* PasswordRecoveryViewController.swift */,
				F517D09525247FFA00492A2A /* PasswordRecoverySettings.swift */,
			);
			path = PasswordRecovery;
			sourceTree = "<group>";
		};
		F517D0982524815D00492A2A /* Registration */ = {
			isa = PBXGroup;
			children = (
				F5E82C902521F5E700C01ADD /* RegistrationViewController.swift */,
				F517D0992524817100492A2A /* RegistrationSettings.swift */,
			);
			path = Registration;
			sourceTree = "<group>";
		};
		F5A9F3652521D5ED00DC9958 = {
			isa = PBXGroup;
			children = (
				F5A9F3702521D5ED00DC9958 /* MovieApp */,
				F5A9F36F2521D5ED00DC9958 /* Products */,
				7548C330DD2126533A8ED44D /* Pods */,
				6C6A83D56CE83A68C4587145 /* Frameworks */,
			);
			sourceTree = "<group>";
		};
		F5A9F36F2521D5ED00DC9958 /* Products */ = {
			isa = PBXGroup;
			children = (
				F5A9F36E2521D5ED00DC9958 /* MovieApp.app */,
			);
			name = Products;
			sourceTree = "<group>";
		};
		F5A9F3702521D5ED00DC9958 /* MovieApp */ = {
			isa = PBXGroup;
			children = (
				F5E82C8A2521EED500C01ADD /* GoogleService-Info.plist */,
				F5A9F3712521D5EE00DC9958 /* AppDelegate.swift */,
				F5A9F3732521D5EE00DC9958 /* SceneDelegate.swift */,
				F5E82C962521F76100C01ADD /* LogIn_And_Registration */,
				F5A9F37A2521D5F100DC9958 /* Assets.xcassets */,
				F5A9F37C2521D5F100DC9958 /* LaunchScreen.storyboard */,
				F5A9F37F2521D5F100DC9958 /* Info.plist */,
			);
			path = MovieApp;
			sourceTree = "<group>";
		};
		F5E82C962521F76100C01ADD /* LogIn_And_Registration */ = {
			isa = PBXGroup;
			children = (
				F517D0982524815D00492A2A /* Registration */,
				F517D09325247FD300492A2A /* PasswordRecovery */,
				F517D08F25247D8800492A2A /* LogIn */,
				F5A9F3772521D5EE00DC9958 /* Main.storyboard */,
			);
			path = LogIn_And_Registration;
			sourceTree = "<group>";
		};
/* End PBXGroup section */

/* Begin PBXNativeTarget section */
		F5A9F36D2521D5ED00DC9958 /* MovieApp */ = {
			isa = PBXNativeTarget;
			buildConfigurationList = F5A9F3822521D5F100DC9958 /* Build configuration list for PBXNativeTarget "MovieApp" */;
			buildPhases = (
				D689C76AC2FC21E6BE6DD821 /* [CP] Check Pods Manifest.lock */,
				F5A9F36A2521D5ED00DC9958 /* Sources */,
				F5A9F36B2521D5ED00DC9958 /* Frameworks */,
				F5A9F36C2521D5ED00DC9958 /* Resources */,
				9B96F4CCC111F816517EA8CB /* [CP] Embed Pods Frameworks */,
				C6377489615C463A8E874803 /* [CP] Copy Pods Resources */,
			);
			buildRules = (
			);
			dependencies = (
			);
			name = MovieApp;
			productName = MovieApp;
			productReference = F5A9F36E2521D5ED00DC9958 /* MovieApp.app */;
			productType = "com.apple.product-type.application";
		};
/* End PBXNativeTarget section */

/* Begin PBXProject section */
		F5A9F3662521D5ED00DC9958 /* Project object */ = {
			isa = PBXProject;
			attributes = {
				LastSwiftUpdateCheck = 1200;
				LastUpgradeCheck = 1200;
				TargetAttributes = {
					F5A9F36D2521D5ED00DC9958 = {
						CreatedOnToolsVersion = 12.0;
					};
				};
			};
			buildConfigurationList = F5A9F3692521D5ED00DC9958 /* Build configuration list for PBXProject "MovieApp" */;
			compatibilityVersion = "Xcode 9.3";
			developmentRegion = en;
			hasScannedForEncodings = 0;
			knownRegions = (
				en,
				Base,
			);
			mainGroup = F5A9F3652521D5ED00DC9958;
			productRefGroup = F5A9F36F2521D5ED00DC9958 /* Products */;
			projectDirPath = "";
			projectRoot = "";
			targets = (
				F5A9F36D2521D5ED00DC9958 /* MovieApp */,
			);
		};
/* End PBXProject section */

/* Begin PBXResourcesBuildPhase section */
		F5A9F36C2521D5ED00DC9958 /* Resources */ = {
			isa = PBXResourcesBuildPhase;
			buildActionMask = 2147483647;
			files = (
				F5A9F37E2521D5F100DC9958 /* LaunchScreen.storyboard in Resources */,
				F5A9F37B2521D5F100DC9958 /* Assets.xcassets in Resources */,
				F5E82C8B2521EED500C01ADD /* GoogleService-Info.plist in Resources */,
				F5A9F3792521D5EE00DC9958 /* Main.storyboard in Resources */,
			);
			runOnlyForDeploymentPostprocessing = 0;
		};
/* End PBXResourcesBuildPhase section */

/* Begin PBXShellScriptBuildPhase section */
		9B96F4CCC111F816517EA8CB /* [CP] Embed Pods Frameworks */ = {
			isa = PBXShellScriptBuildPhase;
			buildActionMask = 2147483647;
			files = (
			);
			inputFileListPaths = (
				"${PODS_ROOT}/Target Support Files/Pods-MovieApp/Pods-MovieApp-frameworks-${CONFIGURATION}-input-files.xcfilelist",
			);
			name = "[CP] Embed Pods Frameworks";
			outputFileListPaths = (
				"${PODS_ROOT}/Target Support Files/Pods-MovieApp/Pods-MovieApp-frameworks-${CONFIGURATION}-output-files.xcfilelist",
			);
			runOnlyForDeploymentPostprocessing = 0;
			shellPath = /bin/sh;
			shellScript = "\"${PODS_ROOT}/Target Support Files/Pods-MovieApp/Pods-MovieApp-frameworks.sh\"\n";
			showEnvVarsInLog = 0;
		};
		C6377489615C463A8E874803 /* [CP] Copy Pods Resources */ = {
			isa = PBXShellScriptBuildPhase;
			buildActionMask = 2147483647;
			files = (
			);
			inputFileListPaths = (
				"${PODS_ROOT}/Target Support Files/Pods-MovieApp/Pods-MovieApp-resources-${CONFIGURATION}-input-files.xcfilelist",
			);
			name = "[CP] Copy Pods Resources";
			outputFileListPaths = (
				"${PODS_ROOT}/Target Support Files/Pods-MovieApp/Pods-MovieApp-resources-${CONFIGURATION}-output-files.xcfilelist",
			);
			runOnlyForDeploymentPostprocessing = 0;
			shellPath = /bin/sh;
			shellScript = "\"${PODS_ROOT}/Target Support Files/Pods-MovieApp/Pods-MovieApp-resources.sh\"\n";
			showEnvVarsInLog = 0;
		};
		D689C76AC2FC21E6BE6DD821 /* [CP] Check Pods Manifest.lock */ = {
			isa = PBXShellScriptBuildPhase;
			buildActionMask = 2147483647;
			files = (
			);
			inputFileListPaths = (
			);
			inputPaths = (
				"${PODS_PODFILE_DIR_PATH}/Podfile.lock",
				"${PODS_ROOT}/Manifest.lock",
			);
			name = "[CP] Check Pods Manifest.lock";
			outputFileListPaths = (
			);
			outputPaths = (
				"$(DERIVED_FILE_DIR)/Pods-MovieApp-checkManifestLockResult.txt",
			);
			runOnlyForDeploymentPostprocessing = 0;
			shellPath = /bin/sh;
			shellScript = "diff \"${PODS_PODFILE_DIR_PATH}/Podfile.lock\" \"${PODS_ROOT}/Manifest.lock\" > /dev/null\nif [ $? != 0 ] ; then\n    # print error to STDERR\n    echo \"error: The sandbox is not in sync with the Podfile.lock. Run 'pod install' or update your CocoaPods installation.\" >&2\n    exit 1\nfi\n# This output is used by Xcode 'outputs' to avoid re-running this script phase.\necho \"SUCCESS\" > \"${SCRIPT_OUTPUT_FILE_0}\"\n";
			showEnvVarsInLog = 0;
		};
/* End PBXShellScriptBuildPhase section */

/* Begin PBXSourcesBuildPhase section */
		F5A9F36A2521D5ED00DC9958 /* Sources */ = {
			isa = PBXSourcesBuildPhase;
			buildActionMask = 2147483647;
			files = (
				F5A9F3762521D5EE00DC9958 /* LogInViewController.swift in Sources */,
				F517D09A2524817100492A2A /* RegistrationSettings.swift in Sources */,
				F5A9F3722521D5EE00DC9958 /* AppDelegate.swift in Sources */,
				F517D09625247FFA00492A2A /* PasswordRecoverySettings.swift in Sources */,
				F517D09125247DA500492A2A /* LogInSettings.swift in Sources */,
				F5E82C912521F5E700C01ADD /* RegistrationViewController.swift in Sources */,
				F5E82C942521F60700C01ADD /* PasswordRecoveryViewController.swift in Sources */,
				F5A9F3742521D5EE00DC9958 /* SceneDelegate.swift in Sources */,
			);
			runOnlyForDeploymentPostprocessing = 0;
		};
/* End PBXSourcesBuildPhase section */

/* Begin PBXVariantGroup section */
		F5A9F3772521D5EE00DC9958 /* Main.storyboard */ = {
			isa = PBXVariantGroup;
			children = (
				F5A9F3782521D5EE00DC9958 /* Base */,
			);
			name = Main.storyboard;
			sourceTree = "<group>";
		};
		F5A9F37C2521D5F100DC9958 /* LaunchScreen.storyboard */ = {
			isa = PBXVariantGroup;
			children = (
				F5A9F37D2521D5F100DC9958 /* Base */,
			);
			name = LaunchScreen.storyboard;
			sourceTree = "<group>";
		};
/* End PBXVariantGroup section */

/* Begin XCBuildConfiguration section */
		F5A9F3802521D5F100DC9958 /* Debug */ = {
			isa = XCBuildConfiguration;
			buildSettings = {
				ALWAYS_SEARCH_USER_PATHS = NO;
				CLANG_ANALYZER_NONNULL = YES;
				CLANG_ANALYZER_NUMBER_OBJECT_CONVERSION = YES_AGGRESSIVE;
				CLANG_CXX_LANGUAGE_STANDARD = "gnu++14";
				CLANG_CXX_LIBRARY = "libc++";
				CLANG_ENABLE_MODULES = YES;
				CLANG_ENABLE_OBJC_ARC = YES;
				CLANG_ENABLE_OBJC_WEAK = YES;
				CLANG_WARN_BLOCK_CAPTURE_AUTORELEASING = YES;
				CLANG_WARN_BOOL_CONVERSION = YES;
				CLANG_WARN_COMMA = YES;
				CLANG_WARN_CONSTANT_CONVERSION = YES;
				CLANG_WARN_DEPRECATED_OBJC_IMPLEMENTATIONS = YES;
				CLANG_WARN_DIRECT_OBJC_ISA_USAGE = YES_ERROR;
				CLANG_WARN_DOCUMENTATION_COMMENTS = YES;
				CLANG_WARN_EMPTY_BODY = YES;
				CLANG_WARN_ENUM_CONVERSION = YES;
				CLANG_WARN_INFINITE_RECURSION = YES;
				CLANG_WARN_INT_CONVERSION = YES;
				CLANG_WARN_NON_LITERAL_NULL_CONVERSION = YES;
				CLANG_WARN_OBJC_IMPLICIT_RETAIN_SELF = YES;
				CLANG_WARN_OBJC_LITERAL_CONVERSION = YES;
				CLANG_WARN_OBJC_ROOT_CLASS = YES_ERROR;
				CLANG_WARN_QUOTED_INCLUDE_IN_FRAMEWORK_HEADER = YES;
				CLANG_WARN_RANGE_LOOP_ANALYSIS = YES;
				CLANG_WARN_STRICT_PROTOTYPES = YES;
				CLANG_WARN_SUSPICIOUS_MOVE = YES;
				CLANG_WARN_UNGUARDED_AVAILABILITY = YES_AGGRESSIVE;
				CLANG_WARN_UNREACHABLE_CODE = YES;
				CLANG_WARN__DUPLICATE_METHOD_MATCH = YES;
				COPY_PHASE_STRIP = NO;
				DEBUG_INFORMATION_FORMAT = dwarf;
				ENABLE_STRICT_OBJC_MSGSEND = YES;
				ENABLE_TESTABILITY = YES;
				GCC_C_LANGUAGE_STANDARD = gnu11;
				GCC_DYNAMIC_NO_PIC = NO;
				GCC_NO_COMMON_BLOCKS = YES;
				GCC_OPTIMIZATION_LEVEL = 0;
				GCC_PREPROCESSOR_DEFINITIONS = (
					"DEBUG=1",
					"$(inherited)",
				);
				GCC_WARN_64_TO_32_BIT_CONVERSION = YES;
				GCC_WARN_ABOUT_RETURN_TYPE = YES_ERROR;
				GCC_WARN_UNDECLARED_SELECTOR = YES;
				GCC_WARN_UNINITIALIZED_AUTOS = YES_AGGRESSIVE;
				GCC_WARN_UNUSED_FUNCTION = YES;
				GCC_WARN_UNUSED_VARIABLE = YES;
				IPHONEOS_DEPLOYMENT_TARGET = 14.0;
				MTL_ENABLE_DEBUG_INFO = INCLUDE_SOURCE;
				MTL_FAST_MATH = YES;
				ONLY_ACTIVE_ARCH = YES;
				SDKROOT = iphoneos;
				SWIFT_ACTIVE_COMPILATION_CONDITIONS = DEBUG;
				SWIFT_OPTIMIZATION_LEVEL = "-Onone";
			};
			name = Debug;
		};
		F5A9F3812521D5F100DC9958 /* Release */ = {
			isa = XCBuildConfiguration;
			buildSettings = {
				ALWAYS_SEARCH_USER_PATHS = NO;
				CLANG_ANALYZER_NONNULL = YES;
				CLANG_ANALYZER_NUMBER_OBJECT_CONVERSION = YES_AGGRESSIVE;
				CLANG_CXX_LANGUAGE_STANDARD = "gnu++14";
				CLANG_CXX_LIBRARY = "libc++";
				CLANG_ENABLE_MODULES = YES;
				CLANG_ENABLE_OBJC_ARC = YES;
				CLANG_ENABLE_OBJC_WEAK = YES;
				CLANG_WARN_BLOCK_CAPTURE_AUTORELEASING = YES;
				CLANG_WARN_BOOL_CONVERSION = YES;
				CLANG_WARN_COMMA = YES;
				CLANG_WARN_CONSTANT_CONVERSION = YES;
				CLANG_WARN_DEPRECATED_OBJC_IMPLEMENTATIONS = YES;
				CLANG_WARN_DIRECT_OBJC_ISA_USAGE = YES_ERROR;
				CLANG_WARN_DOCUMENTATION_COMMENTS = YES;
				CLANG_WARN_EMPTY_BODY = YES;
				CLANG_WARN_ENUM_CONVERSION = YES;
				CLANG_WARN_INFINITE_RECURSION = YES;
				CLANG_WARN_INT_CONVERSION = YES;
				CLANG_WARN_NON_LITERAL_NULL_CONVERSION = YES;
				CLANG_WARN_OBJC_IMPLICIT_RETAIN_SELF = YES;
				CLANG_WARN_OBJC_LITERAL_CONVERSION = YES;
				CLANG_WARN_OBJC_ROOT_CLASS = YES_ERROR;
				CLANG_WARN_QUOTED_INCLUDE_IN_FRAMEWORK_HEADER = YES;
				CLANG_WARN_RANGE_LOOP_ANALYSIS = YES;
				CLANG_WARN_STRICT_PROTOTYPES = YES;
				CLANG_WARN_SUSPICIOUS_MOVE = YES;
				CLANG_WARN_UNGUARDED_AVAILABILITY = YES_AGGRESSIVE;
				CLANG_WARN_UNREACHABLE_CODE = YES;
				CLANG_WARN__DUPLICATE_METHOD_MATCH = YES;
				COPY_PHASE_STRIP = NO;
				DEBUG_INFORMATION_FORMAT = "dwarf-with-dsym";
				ENABLE_NS_ASSERTIONS = NO;
				ENABLE_STRICT_OBJC_MSGSEND = YES;
				GCC_C_LANGUAGE_STANDARD = gnu11;
				GCC_NO_COMMON_BLOCKS = YES;
				GCC_WARN_64_TO_32_BIT_CONVERSION = YES;
				GCC_WARN_ABOUT_RETURN_TYPE = YES_ERROR;
				GCC_WARN_UNDECLARED_SELECTOR = YES;
				GCC_WARN_UNINITIALIZED_AUTOS = YES_AGGRESSIVE;
				GCC_WARN_UNUSED_FUNCTION = YES;
				GCC_WARN_UNUSED_VARIABLE = YES;
				IPHONEOS_DEPLOYMENT_TARGET = 14.0;
				MTL_ENABLE_DEBUG_INFO = NO;
				MTL_FAST_MATH = YES;
				SDKROOT = iphoneos;
				SWIFT_COMPILATION_MODE = wholemodule;
				SWIFT_OPTIMIZATION_LEVEL = "-O";
				VALIDATE_PRODUCT = YES;
			};
			name = Release;
		};
		F5A9F3832521D5F100DC9958 /* Debug */ = {
			isa = XCBuildConfiguration;
			baseConfigurationReference = 761BA880061BCC2187B532D2 /* Pods-MovieApp.debug.xcconfig */;
			buildSettings = {
				ASSETCATALOG_COMPILER_APPICON_NAME = AppIcon;
				ASSETCATALOG_COMPILER_GLOBAL_ACCENT_COLOR_NAME = AccentColor;
				CODE_SIGN_STYLE = Automatic;
				DEVELOPMENT_TEAM = D8AAR4F79C;
				INFOPLIST_FILE = MovieApp/Info.plist;
				IPHONEOS_DEPLOYMENT_TARGET = 13.0;
				LD_RUNPATH_SEARCH_PATHS = (
					"$(inherited)",
					"@executable_path/Frameworks",
				);
				PRODUCT_BUNDLE_IDENTIFIER = vladpoberezhets.MovieApp;
				PRODUCT_NAME = "$(TARGET_NAME)";
				SWIFT_VERSION = 5.0;
				TARGETED_DEVICE_FAMILY = "1,2";
			};
			name = Debug;
		};
		F5A9F3842521D5F100DC9958 /* Release */ = {
			isa = XCBuildConfiguration;
			baseConfigurationReference = 36E1A89CF56D84587240ACCA /* Pods-MovieApp.release.xcconfig */;
			buildSettings = {
				ASSETCATALOG_COMPILER_APPICON_NAME = AppIcon;
				ASSETCATALOG_COMPILER_GLOBAL_ACCENT_COLOR_NAME = AccentColor;
				CODE_SIGN_STYLE = Automatic;
				DEVELOPMENT_TEAM = D8AAR4F79C;
				INFOPLIST_FILE = MovieApp/Info.plist;
				IPHONEOS_DEPLOYMENT_TARGET = 13.0;
				LD_RUNPATH_SEARCH_PATHS = (
					"$(inherited)",
					"@executable_path/Frameworks",
				);
				PRODUCT_BUNDLE_IDENTIFIER = vladpoberezhets.MovieApp;
				PRODUCT_NAME = "$(TARGET_NAME)";
				SWIFT_VERSION = 5.0;
				TARGETED_DEVICE_FAMILY = "1,2";
			};
			name = Release;
		};
/* End XCBuildConfiguration section */

/* Begin XCConfigurationList section */
		F5A9F3692521D5ED00DC9958 /* Build configuration list for PBXProject "MovieApp" */ = {
			isa = XCConfigurationList;
			buildConfigurations = (
				F5A9F3802521D5F100DC9958 /* Debug */,
				F5A9F3812521D5F100DC9958 /* Release */,
			);
			defaultConfigurationIsVisible = 0;
			defaultConfigurationName = Release;
		};
		F5A9F3822521D5F100DC9958 /* Build configuration list for PBXNativeTarget "MovieApp" */ = {
			isa = XCConfigurationList;
			buildConfigurations = (
				F5A9F3832521D5F100DC9958 /* Debug */,
				F5A9F3842521D5F100DC9958 /* Release */,
			);
			defaultConfigurationIsVisible = 0;
			defaultConfigurationName = Release;
		};
/* End XCConfigurationList section */
	};
	rootObject = F5A9F3662521D5ED00DC9958 /* Project object */;
}
